Microsoft Visual Studio Solution File, Format Version 12.00
# Visual Studio 2012
Project("{2150E333-8FDC-42A3-9474-1A3956D46DE8}") = "Solution Items", "Solution Items", "{528B0AD5-37AF-4D3A-B623-6F0F4CE52DC8}"
EndProject
Project("{FAE04EC0-301F-11D3-BF4B-00C04F79EFBC}") = "TestCop.Plugin70", "Src\TestCop\TestCop.Plugin70.csproj", "{248FA9A1-358A-4C34-8093-22BACE5E7246}"
EndProject
Global
	GlobalSection(TeamFoundationVersionControl) = preSolution
		SccNumberOfProjects = 1
		SccEnterpriseProvider = {4CA58AB2-18FA-4F8D-95D4-32DDF27D184C}
		SccTeamFoundationServer = https://tfs.codeplex.com/tfs/tfs34
		SccProjectUniqueName0 = Src\\TestCop\\TestCop.Plugin70.csproj
		SccProjectTopLevelParentUniqueName0 = TestCop\u0020For\u0020Resharper70.sln
		SccProjectName0 = Src/TestCop
		SccAuxPath0 = https://tfs.codeplex.com/tfs/tfs34
		SccLocalPath0 = Src\\TestCop
		SccProvider0 = {4CA58AB2-18FA-4F8D-95D4-32DDF27D184C}
	EndGlobalSection
	GlobalSection(SolutionConfigurationPlatforms) = preSolution
		Debug|Any CPU = Debug|Any CPU
		Release|Any CPU = Release|Any CPU
	EndGlobalSection
	GlobalSection(ProjectConfigurationPlatforms) = postSolution
		{248FA9A1-358A-4C34-8093-22BACE5E7246}.Debug|Any CPU.ActiveCfg = Debug|Any CPU
		{248FA9A1-358A-4C34-8093-22BACE5E7246}.Debug|Any CPU.Build.0 = Debug|Any CPU
		{248FA9A1-358A-4C34-8093-22BACE5E7246}.Release|Any CPU.ActiveCfg = Release|Any CPU
		{248FA9A1-358A-4C34-8093-22BACE5E7246}.Release|Any CPU.Build.0 = Release|Any CPU
	EndGlobalSection
	GlobalSection(SolutionProperties) = preSolution
		HideSolutionNode = FALSE
	EndGlobalSection
	GlobalSection(NestedProjects) = preSolution
		{248FA9A1-358A-4C34-8093-22BACE5E7246} = {528B0AD5-37AF-4D3A-B623-6F0F4CE52DC8}
	EndGlobalSection
EndGlobal
