
Microsoft Visual Studio Solution File, Format Version 12.00
# Visual Studio 2012
Project("{FAE04EC0-301F-11D3-BF4B-00C04F79EFBC}") = "API", "MyCorp.TestApplication4.API\API.csproj", "{6B891522-F35A-488F-B499-1C3AF2B63B2C}"
EndProject
Project("{FAE04EC0-301F-11D3-BF4B-00C04F79EFBC}") = "APITests", "MyCorp.TestApplication4.API.Tests\APITests.csproj", "{E3BE7F40-B6A2-4D39-BFDC-6D0AF5047B5D}"
EndProject
Global
	GlobalSection(SolutionConfigurationPlatforms) = preSolution
		Debug|Any CPU = Debug|Any CPU
		Release|Any CPU = Release|Any CPU
	EndGlobalSection
	GlobalSection(ProjectConfigurationPlatforms) = postSolution
		{6B891522-F35A-488F-B499-1C3AF2B63B2C}.Debug|Any CPU.ActiveCfg = Debug|Any CPU
		{6B891522-F35A-488F-B499-1C3AF2B63B2C}.Debug|Any CPU.Build.0 = Debug|Any CPU
		{6B891522-F35A-488F-B499-1C3AF2B63B2C}.Release|Any CPU.ActiveCfg = Release|Any CPU
		{6B891522-F35A-488F-B499-1C3AF2B63B2C}.Release|Any CPU.Build.0 = Release|Any CPU
		{E3BE7F40-B6A2-4D39-BFDC-6D0AF5047B5D}.Debug|Any CPU.ActiveCfg = Debug|Any CPU
		{E3BE7F40-B6A2-4D39-BFDC-6D0AF5047B5D}.Debug|Any CPU.Build.0 = Debug|Any CPU
		{E3BE7F40-B6A2-4D39-BFDC-6D0AF5047B5D}.Release|Any CPU.ActiveCfg = Release|Any CPU
		{E3BE7F40-B6A2-4D39-BFDC-6D0AF5047B5D}.Release|Any CPU.Build.0 = Release|Any CPU
	EndGlobalSection
	GlobalSection(SolutionProperties) = preSolution
		HideSolutionNode = FALSE
	EndGlobalSection
EndGlobal
